
Microsoft Visual Studio Solution File, Format Version 12.00
# Visual Studio Version 17
VisualStudioVersion = 17.10.34928.147
MinimumVisualStudioVersion = 10.0.40219.1
Project("{2150E333-8FDC-42A3-9474-1A3956D46DE8}") = "1-Domain", "1-Domain", "{951DF347-5D2E-4D52-9D0C-4276F14D3FA5}"
EndProject
Project("{9A19103F-16F7-4668-BE54-9A1E7A4F7556}") = "Domain", "Domain\Domain.csproj", "{B8118286-2220-4AE2-AB07-F494578A44B8}"
EndProject
Project("{2150E333-8FDC-42A3-9474-1A3956D46DE8}") = "2-Application", "2-Application", "{E3749B95-2EAA-41C9-97AC-8E9DE7AADE74}"
EndProject
Project("{2150E333-8FDC-42A3-9474-1A3956D46DE8}") = "3-Infra", "3-Infra", "{54A068E1-7FEB-4524-A072-02A3990090AC}"
EndProject
Project("{2150E333-8FDC-42A3-9474-1A3956D46DE8}") = "4-Apresentation", "4-Apresentation", "{B1D17C10-3C55-4658-BF83-853076C1A757}"
EndProject
Project("{9A19103F-16F7-4668-BE54-9A1E7A4F7556}") = "Application", "Application\Application.csproj", "{A3D8EDFA-29F0-408E-93C7-1733E7D85C10}"
EndProject
Project("{9A19103F-16F7-4668-BE54-9A1E7A4F7556}") = "Infra", "Infra.data\Infra.csproj", "{4A337B85-A7C5-41AB-B9E8-3B4F5D79E55D}"
EndProject
Project("{FAE04EC0-301F-11D3-BF4B-00C04F79EFBC}") = "SharedDomain", "SharedDomain\SharedDomain.csproj", "{8C104C1D-E8E1-426D-AC91-B169A76966A3}"
EndProject
Project("{2150E333-8FDC-42A3-9474-1A3956D46DE8}") = "src", "src", "{0F391064-36F0-456B-A1FB-836ACFF485CC}"
EndProject
Project("{2150E333-8FDC-42A3-9474-1A3956D46DE8}") = "Itens de Solução", "Itens de Solução", "{9FD7F42F-3528-4F34-B3B6-1E34D0581BC9}"
	ProjectSection(SolutionItems) = preProject
		docker-compose.yaml = docker-compose.yaml
	EndProjectSection
EndProject
Project("{FAE04EC0-301F-11D3-BF4B-00C04F79EFBC}") = "WebApi", "WebApi\WebApi.csproj", "{52C04A55-722F-45A7-B38C-8F427F8F1D3D}"
EndProject
Global
	GlobalSection(SolutionConfigurationPlatforms) = preSolution
		Debug|Any CPU = Debug|Any CPU
		Debug|x64 = Debug|x64
		Release|Any CPU = Release|Any CPU
		Release|x64 = Release|x64
	EndGlobalSection
	GlobalSection(ProjectConfigurationPlatforms) = postSolution
		{B8118286-2220-4AE2-AB07-F494578A44B8}.Debug|Any CPU.ActiveCfg = Debug|Any CPU
		{B8118286-2220-4AE2-AB07-F494578A44B8}.Debug|Any CPU.Build.0 = Debug|Any CPU
		{B8118286-2220-4AE2-AB07-F494578A44B8}.Debug|x64.ActiveCfg = Debug|x64
		{B8118286-2220-4AE2-AB07-F494578A44B8}.Debug|x64.Build.0 = Debug|x64
		{B8118286-2220-4AE2-AB07-F494578A44B8}.Release|Any CPU.ActiveCfg = Release|Any CPU
		{B8118286-2220-4AE2-AB07-F494578A44B8}.Release|Any CPU.Build.0 = Release|Any CPU
		{B8118286-2220-4AE2-AB07-F494578A44B8}.Release|x64.ActiveCfg = Release|x64
		{B8118286-2220-4AE2-AB07-F494578A44B8}.Release|x64.Build.0 = Release|x64
		{A3D8EDFA-29F0-408E-93C7-1733E7D85C10}.Debug|Any CPU.ActiveCfg = Debug|Any CPU
		{A3D8EDFA-29F0-408E-93C7-1733E7D85C10}.Debug|Any CPU.Build.0 = Debug|Any CPU
		{A3D8EDFA-29F0-408E-93C7-1733E7D85C10}.Debug|x64.ActiveCfg = Debug|x64
		{A3D8EDFA-29F0-408E-93C7-1733E7D85C10}.Debug|x64.Build.0 = Debug|x64
		{A3D8EDFA-29F0-408E-93C7-1733E7D85C10}.Release|Any CPU.ActiveCfg = Release|Any CPU
		{A3D8EDFA-29F0-408E-93C7-1733E7D85C10}.Release|Any CPU.Build.0 = Release|Any CPU
		{A3D8EDFA-29F0-408E-93C7-1733E7D85C10}.Release|x64.ActiveCfg = Release|x64
		{A3D8EDFA-29F0-408E-93C7-1733E7D85C10}.Release|x64.Build.0 = Release|x64
		{4A337B85-A7C5-41AB-B9E8-3B4F5D79E55D}.Debug|Any CPU.ActiveCfg = Debug|Any CPU
		{4A337B85-A7C5-41AB-B9E8-3B4F5D79E55D}.Debug|Any CPU.Build.0 = Debug|Any CPU
		{4A337B85-A7C5-41AB-B9E8-3B4F5D79E55D}.Debug|x64.ActiveCfg = Debug|x64
		{4A337B85-A7C5-41AB-B9E8-3B4F5D79E55D}.Debug|x64.Build.0 = Debug|x64
		{4A337B85-A7C5-41AB-B9E8-3B4F5D79E55D}.Release|Any CPU.ActiveCfg = Release|Any CPU
		{4A337B85-A7C5-41AB-B9E8-3B4F5D79E55D}.Release|Any CPU.Build.0 = Release|Any CPU
		{4A337B85-A7C5-41AB-B9E8-3B4F5D79E55D}.Release|x64.ActiveCfg = Release|x64
		{4A337B85-A7C5-41AB-B9E8-3B4F5D79E55D}.Release|x64.Build.0 = Release|x64
		{8C104C1D-E8E1-426D-AC91-B169A76966A3}.Debug|Any CPU.ActiveCfg = Debug|Any CPU
		{8C104C1D-E8E1-426D-AC91-B169A76966A3}.Debug|Any CPU.Build.0 = Debug|Any CPU
		{8C104C1D-E8E1-426D-AC91-B169A76966A3}.Debug|x64.ActiveCfg = Debug|Any CPU
		{8C104C1D-E8E1-426D-AC91-B169A76966A3}.Debug|x64.Build.0 = Debug|Any CPU
		{8C104C1D-E8E1-426D-AC91-B169A76966A3}.Release|Any CPU.ActiveCfg = Release|Any CPU
		{8C104C1D-E8E1-426D-AC91-B169A76966A3}.Release|Any CPU.Build.0 = Release|Any CPU
		{8C104C1D-E8E1-426D-AC91-B169A76966A3}.Release|x64.ActiveCfg = Release|Any CPU
		{8C104C1D-E8E1-426D-AC91-B169A76966A3}.Release|x64.Build.0 = Release|Any CPU
		{52C04A55-722F-45A7-B38C-8F427F8F1D3D}.Debug|Any CPU.ActiveCfg = Debug|Any CPU
		{52C04A55-722F-45A7-B38C-8F427F8F1D3D}.Debug|Any CPU.Build.0 = Debug|Any CPU
		{52C04A55-722F-45A7-B38C-8F427F8F1D3D}.Debug|x64.ActiveCfg = Debug|Any CPU
		{52C04A55-722F-45A7-B38C-8F427F8F1D3D}.Debug|x64.Build.0 = Debug|Any CPU
		{52C04A55-722F-45A7-B38C-8F427F8F1D3D}.Release|Any CPU.ActiveCfg = Release|Any CPU
		{52C04A55-722F-45A7-B38C-8F427F8F1D3D}.Release|Any CPU.Build.0 = Release|Any CPU
		{52C04A55-722F-45A7-B38C-8F427F8F1D3D}.Release|x64.ActiveCfg = Release|Any CPU
		{52C04A55-722F-45A7-B38C-8F427F8F1D3D}.Release|x64.Build.0 = Release|Any CPU
	EndGlobalSection
	GlobalSection(SolutionProperties) = preSolution
		HideSolutionNode = FALSE
	EndGlobalSection
	GlobalSection(NestedProjects) = preSolution
		{951DF347-5D2E-4D52-9D0C-4276F14D3FA5} = {0F391064-36F0-456B-A1FB-836ACFF485CC}
		{B8118286-2220-4AE2-AB07-F494578A44B8} = {951DF347-5D2E-4D52-9D0C-4276F14D3FA5}
		{E3749B95-2EAA-41C9-97AC-8E9DE7AADE74} = {0F391064-36F0-456B-A1FB-836ACFF485CC}
		{54A068E1-7FEB-4524-A072-02A3990090AC} = {0F391064-36F0-456B-A1FB-836ACFF485CC}
		{B1D17C10-3C55-4658-BF83-853076C1A757} = {0F391064-36F0-456B-A1FB-836ACFF485CC}
		{A3D8EDFA-29F0-408E-93C7-1733E7D85C10} = {E3749B95-2EAA-41C9-97AC-8E9DE7AADE74}
		{4A337B85-A7C5-41AB-B9E8-3B4F5D79E55D} = {54A068E1-7FEB-4524-A072-02A3990090AC}
		{8C104C1D-E8E1-426D-AC91-B169A76966A3} = {951DF347-5D2E-4D52-9D0C-4276F14D3FA5}
		{52C04A55-722F-45A7-B38C-8F427F8F1D3D} = {B1D17C10-3C55-4658-BF83-853076C1A757}
	EndGlobalSection
	GlobalSection(ExtensibilityGlobals) = postSolution
		SolutionGuid = {71A507D5-422E-4A83-BA82-D78F6DDC9206}
	EndGlobalSection
EndGlobal
